<?xml version="1.0" encoding="utf-8"?>
<Project ToolsVersion="4.0" xmlns="http://schemas.microsoft.com/developer/msbuild/2003">
  <ItemGroup>
    <Filter Include="Neva">
      <UniqueIdentifier>{4F92897C-3BC9-8A0D-E4B5-7010D0CB060F}</UniqueIdentifier>
    </Filter>
    <Filter Include="Neva\Events">
      <UniqueIdentifier>{53AF9727-BF64-101D-4859-0AF4B40D0721}</UniqueIdentifier>
    </Filter>
    <Filter Include="Neva\ImGui">
      <UniqueIdentifier>{B94630EA-A5FE-7137-0E06-4B93FADC0C28}</UniqueIdentifier>
    </Filter>
    <Filter Include="Platform">
      <UniqueIdentifier>{2AC788B4-1694-E3BF-3FAD-D1672BD9184E}</UniqueIdentifier>
    </Filter>
    <Filter Include="Platform\Windows">
      <UniqueIdentifier>{64FBD71A-50F4-F66C-7926-DCF1657ED678}</UniqueIdentifier>
    </Filter>
  </ItemGroup>
  <ItemGroup>
    <ClInclude Include="src\Neva.h" />
    <ClInclude Include="src\Neva\Application.h">
      <Filter>Neva</Filter>
    </ClInclude>
    <ClInclude Include="src\Neva\Core.h">
      <Filter>Neva</Filter>
    </ClInclude>
    <ClInclude Include="src\Neva\EntryPoint.h">
      <Filter>Neva</Filter>
    </ClInclude>
    <ClInclude Include="src\Neva\Events\ApplicationEvent.h">
      <Filter>Neva\Events</Filter>
    </ClInclude>
    <ClInclude Include="src\Neva\Events\Event.h">
      <Filter>Neva\Events</Filter>
    </ClInclude>
    <ClInclude Include="src\Neva\Events\KeyEvent.h">
      <Filter>Neva\Events</Filter>
    </ClInclude>
    <ClInclude Include="src\Neva\Events\MouseEvent.h">
      <Filter>Neva\Events</Filter>
    </ClInclude>
    <ClInclude Include="src\Neva\ImGui\ImGuiLayer.h">
      <Filter>Neva\ImGui</Filter>
    </ClInclude>
    <ClInclude Include="src\Neva\Input.h">
      <Filter>Neva</Filter>
    </ClInclude>
    <ClInclude Include="src\Neva\KeyCodes.h">
      <Filter>Neva</Filter>
    </ClInclude>
    <ClInclude Include="src\Neva\Layer.h">
      <Filter>Neva</Filter>
    </ClInclude>
    <ClInclude Include="src\Neva\LayerStack.h">
      <Filter>Neva</Filter>
    </ClInclude>
    <ClInclude Include="src\Neva\Log.h">
      <Filter>Neva</Filter>
    </ClInclude>
    <ClInclude Include="src\Neva\MouseButtonCodes.h">
      <Filter>Neva</Filter>
    </ClInclude>
    <ClInclude Include="src\Neva\Window.h">
      <Filter>Neva</Filter>
    </ClInclude>
    <ClInclude Include="src\Platform\Windows\WindowsInput.h">
      <Filter>Platform\Windows</Filter>
    </ClInclude>
    <ClInclude Include="src\Platform\Windows\WindowsWindow.h">
      <Filter>Platform\Windows</Filter>
    </ClInclude>
    <ClInclude Include="src\nvpch.h" />
  </ItemGroup>
  <ItemGroup>
    <ClCompile Include="src\Neva\Application.cpp">
      <Filter>Neva</Filter>
    </ClCompile>
    <ClCompile Include="src\Neva\ImGui\ImGuiBuild.cpp">
      <Filter>Neva\ImGui</Filter>
    </ClCompile>
    <ClCompile Include="src\Neva\ImGui\ImGuiLayer.cpp">
      <Filter>Neva\ImGui</Filter>
    </ClCompile>
    <ClCompile Include="src\Neva\Layer.cpp">
      <Filter>Neva</Filter>
    </ClCompile>
    <ClCompile Include="src\Neva\LayerStack.cpp">
      <Filter>Neva</Filter>
    </ClCompile>
    <ClCompile Include="src\Neva\Log.cpp">
      <Filter>Neva</Filter>
    </ClCompile>
    <ClCompile Include="src\Platform\Windows\WindowsInput.cpp">
      <Filter>Platform\Windows</Filter>
    </ClCompile>
    <ClCompile Include="src\Platform\Windows\WindowsWindow.cpp">
      <Filter>Platform\Windows</Filter>
    </ClCompile>
    <ClCompile Include="src\nvpch.cpp" />
  </ItemGroup>
</Project>