<?xml version="1.0" encoding="utf-8"?>
<Project ToolsVersion="4.0" xmlns="http://schemas.microsoft.com/developer/msbuild/2003">
  <ItemGroup>
    <Filter Include="Neva">
      <UniqueIdentifier>{4F92897C-3BC9-8A0D-E4B5-7010D0CB060F}</UniqueIdentifier>
    </Filter>
    <Filter Include="Neva\Events">
      <UniqueIdentifier>{53AF9727-BF64-101D-4859-0AF4B40D0721}</UniqueIdentifier>
    </Filter>
  </ItemGroup>
  <ItemGroup>
    <ClInclude Include="src\Neva.h" />
    <ClInclude Include="src\Neva\Application.h">
      <Filter>Neva</Filter>
    </ClInclude>
    <ClInclude Include="src\Neva\Core.h">
      <Filter>Neva</Filter>
    </ClInclude>
    <ClInclude Include="src\Neva\EntryPoint.h">
      <Filter>Neva</Filter>
    </ClInclude>
    <ClInclude Include="src\Neva\Events\ApplicationEvent.h">
      <Filter>Neva\Events</Filter>
    </ClInclude>
    <ClInclude Include="src\Neva\Events\Event.h">
      <Filter>Neva\Events</Filter>
    </ClInclude>
    <ClInclude Include="src\Neva\Events\KeyEvent.h">
      <Filter>Neva\Events</Filter>
    </ClInclude>
    <ClInclude Include="src\Neva\Events\MouseEvent.h">
      <Filter>Neva\Events</Filter>
    </ClInclude>
    <ClInclude Include="src\Neva\Log.h">
      <Filter>Neva</Filter>
    </ClInclude>
  </ItemGroup>
  <ItemGroup>
    <ClCompile Include="src\Neva\Application.cpp">
      <Filter>Neva</Filter>
    </ClCompile>
    <ClCompile Include="src\Neva\Log.cpp">
      <Filter>Neva</Filter>
    </ClCompile>
  </ItemGroup>
</Project>